
Microsoft Visual Studio Solution File, Format Version 12.00
# Visual Studio Version 17
VisualStudioVersion = 17.9.34701.34
MinimumVisualStudioVersion = 10.0.40219.1
Project("{FAE04EC0-301F-11D3-BF4B-00C04F79EFBC}") = "ObjectOrientedProgramming_2", "ObjectOrientedProgramming_2\ObjectOrientedProgramming_2.csproj", "{925B38C9-BC7D-4CCF-A39C-C1DCCAC589F4}"
EndProject
Project("{FAE04EC0-301F-11D3-BF4B-00C04F79EFBC}") = "OopPolymorphism", "OopPolymorphism\OopPolymorphism.csproj", "{F70FE5F8-2740-46B6-AA70-E3F05C56595A}"
EndProject
Project("{FAE04EC0-301F-11D3-BF4B-00C04F79EFBC}") = "OopInheritance", "OopInheritance\OopInheritance.csproj", "{E364B1C7-DAC3-4DF9-AD7B-4DA7B6465606}"
EndProject
Project("{FAE04EC0-301F-11D3-BF4B-00C04F79EFBC}") = "OppGenerics", "OppGenerics\OppGenerics.csproj", "{4DE62D71-CDDE-4378-9A48-4CE4D87B3D25}"
EndProject
Project("{FAE04EC0-301F-11D3-BF4B-00C04F79EFBC}") = "OopEncapsulation", "OopEncapsulation\OopEncapsulation.csproj", "{D7413F66-5B64-41BC-8CD8-414E977E20AB}"
EndProject
Global
	GlobalSection(SolutionConfigurationPlatforms) = preSolution
		Debug|Any CPU = Debug|Any CPU
		Release|Any CPU = Release|Any CPU
	EndGlobalSection
	GlobalSection(ProjectConfigurationPlatforms) = postSolution
		{925B38C9-BC7D-4CCF-A39C-C1DCCAC589F4}.Debug|Any CPU.ActiveCfg = Debug|Any CPU
		{925B38C9-BC7D-4CCF-A39C-C1DCCAC589F4}.Debug|Any CPU.Build.0 = Debug|Any CPU
		{925B38C9-BC7D-4CCF-A39C-C1DCCAC589F4}.Release|Any CPU.ActiveCfg = Release|Any CPU
		{925B38C9-BC7D-4CCF-A39C-C1DCCAC589F4}.Release|Any CPU.Build.0 = Release|Any CPU
		{F70FE5F8-2740-46B6-AA70-E3F05C56595A}.Debug|Any CPU.ActiveCfg = Debug|Any CPU
		{F70FE5F8-2740-46B6-AA70-E3F05C56595A}.Debug|Any CPU.Build.0 = Debug|Any CPU
		{F70FE5F8-2740-46B6-AA70-E3F05C56595A}.Release|Any CPU.ActiveCfg = Release|Any CPU
		{F70FE5F8-2740-46B6-AA70-E3F05C56595A}.Release|Any CPU.Build.0 = Release|Any CPU
		{E364B1C7-DAC3-4DF9-AD7B-4DA7B6465606}.Debug|Any CPU.ActiveCfg = Debug|Any CPU
		{E364B1C7-DAC3-4DF9-AD7B-4DA7B6465606}.Debug|Any CPU.Build.0 = Debug|Any CPU
		{E364B1C7-DAC3-4DF9-AD7B-4DA7B6465606}.Release|Any CPU.ActiveCfg = Release|Any CPU
		{E364B1C7-DAC3-4DF9-AD7B-4DA7B6465606}.Release|Any CPU.Build.0 = Release|Any CPU
		{4DE62D71-CDDE-4378-9A48-4CE4D87B3D25}.Debug|Any CPU.ActiveCfg = Debug|Any CPU
		{4DE62D71-CDDE-4378-9A48-4CE4D87B3D25}.Debug|Any CPU.Build.0 = Debug|Any CPU
		{4DE62D71-CDDE-4378-9A48-4CE4D87B3D25}.Release|Any CPU.ActiveCfg = Release|Any CPU
		{4DE62D71-CDDE-4378-9A48-4CE4D87B3D25}.Release|Any CPU.Build.0 = Release|Any CPU
		{D7413F66-5B64-41BC-8CD8-414E977E20AB}.Debug|Any CPU.ActiveCfg = Debug|Any CPU
		{D7413F66-5B64-41BC-8CD8-414E977E20AB}.Debug|Any CPU.Build.0 = Debug|Any CPU
		{D7413F66-5B64-41BC-8CD8-414E977E20AB}.Release|Any CPU.ActiveCfg = Release|Any CPU
		{D7413F66-5B64-41BC-8CD8-414E977E20AB}.Release|Any CPU.Build.0 = Release|Any CPU
	EndGlobalSection
	GlobalSection(SolutionProperties) = preSolution
		HideSolutionNode = FALSE
	EndGlobalSection
	GlobalSection(ExtensibilityGlobals) = postSolution
		SolutionGuid = {87D520BD-A7A5-4FF4-A4D4-C1D2A5D65A6B}
	EndGlobalSection
EndGlobal
